// !$*UTF8*$!
{
	archiveVersion = 1;
	classes = {
	};
	objectVersion = 48;
	objects = {

/* Begin PBXBuildFile section */
		1B5D4412AE3B761745E2439D /* Pods_FlixUITests.framework in Frameworks */ = {isa = PBXBuildFile; fileRef = BBA4B3D8CF046F8CB8E81696 /* Pods_FlixUITests.framework */; };
		475078692034523B00CE2F01 /* ScrollingLabel.swift in Sources */ = {isa = PBXBuildFile; fileRef = 475078682034523B00CE2F01 /* ScrollingLabel.swift */; };
		47B4FA452047C21C0022E235 /* Movie.swift in Sources */ = {isa = PBXBuildFile; fileRef = 47B4FA442047C21C0022E235 /* Movie.swift */; };
		47B4FA472048D0F60022E235 /* TVShow.swift in Sources */ = {isa = PBXBuildFile; fileRef = 47B4FA462048D0F60022E235 /* TVShow.swift */; };
		47B4FA492048D3A70022E235 /* Actor.swift in Sources */ = {isa = PBXBuildFile; fileRef = 47B4FA482048D3A70022E235 /* Actor.swift */; };
		47B4FA4B2048D55B0022E235 /* APIObject.swift in Sources */ = {isa = PBXBuildFile; fileRef = 47B4FA4A2048D55B0022E235 /* APIObject.swift */; };
		47B4FA4D2048DC840022E235 /* MovieCell.swift in Sources */ = {isa = PBXBuildFile; fileRef = 47B4FA4C2048DC840022E235 /* MovieCell.swift */; };
		47B4FA532048DEFA0022E235 /* APIManager.swift in Sources */ = {isa = PBXBuildFile; fileRef = 47B4FA522048DEFA0022E235 /* APIManager.swift */; };
		47B995B02021520800931EED /* AppDelegate.swift in Sources */ = {isa = PBXBuildFile; fileRef = 47B995AF2021520800931EED /* AppDelegate.swift */; };
		47B995B22021520800931EED /* MoviesViewController.swift in Sources */ = {isa = PBXBuildFile; fileRef = 47B995B12021520800931EED /* MoviesViewController.swift */; };
		47B995B52021520800931EED /* Main.storyboard in Resources */ = {isa = PBXBuildFile; fileRef = 47B995B32021520800931EED /* Main.storyboard */; };
		47B995B72021520800931EED /* Assets.xcassets in Resources */ = {isa = PBXBuildFile; fileRef = 47B995B62021520800931EED /* Assets.xcassets */; };
		47B995BA2021520800931EED /* LaunchScreen.storyboard in Resources */ = {isa = PBXBuildFile; fileRef = 47B995B82021520800931EED /* LaunchScreen.storyboard */; };
		47B995C52021520800931EED /* FlixTests.swift in Sources */ = {isa = PBXBuildFile; fileRef = 47B995C42021520800931EED /* FlixTests.swift */; };
		47B995D02021520900931EED /* FlixUITests.swift in Sources */ = {isa = PBXBuildFile; fileRef = 47B995CF2021520900931EED /* FlixUITests.swift */; };
		47C5DD942031920500B5F5F6 /* TrailerViewController.swift in Sources */ = {isa = PBXBuildFile; fileRef = 47C5DD932031920500B5F5F6 /* TrailerViewController.swift */; };
		47C5DD96203264F000B5F5F6 /* ContentsSearchController.swift in Sources */ = {isa = PBXBuildFile; fileRef = 47C5DD95203264F000B5F5F6 /* ContentsSearchController.swift */; };
		47C5DD982032666C00B5F5F6 /* PosterCell.swift in Sources */ = {isa = PBXBuildFile; fileRef = 47C5DD972032666C00B5F5F6 /* PosterCell.swift */; };
		47C5DD9A2032713300B5F5F6 /* SettingsViewController.swift in Sources */ = {isa = PBXBuildFile; fileRef = 47C5DD992032713300B5F5F6 /* SettingsViewController.swift */; };
		47EC6ACC202A7F1B0075426F /* DetailViewController.swift in Sources */ = {isa = PBXBuildFile; fileRef = 47EC6ACB202A7F1B0075426F /* DetailViewController.swift */; };
		47EC6ACE202A84FF0075426F /* SuperheroViewController.swift in Sources */ = {isa = PBXBuildFile; fileRef = 47EC6ACD202A84FF0075426F /* SuperheroViewController.swift */; };
		47F201562032CC6700F756B2 /* Extensions.swift in Sources */ = {isa = PBXBuildFile; fileRef = 47F201552032CC6700F756B2 /* Extensions.swift */; };
		47F201582032CCA700F756B2 /* ActorDetailViewController.swift in Sources */ = {isa = PBXBuildFile; fileRef = 47F201572032CCA700F756B2 /* ActorDetailViewController.swift */; };
		A0BFB5CC55FC50CB02A3911A /* Pods_FlixTests.framework in Frameworks */ = {isa = PBXBuildFile; fileRef = 2693DFBBC9FD8287ED5CFF56 /* Pods_FlixTests.framework */; };
		D43F71983CEB1DC70EC49ABF /* Pods_Flix.framework in Frameworks */ = {isa = PBXBuildFile; fileRef = CBDEEF3C18A35CD03CB568FF /* Pods_Flix.framework */; };
/* End PBXBuildFile section */

/* Begin PBXContainerItemProxy section */
		47B995C12021520800931EED /* PBXContainerItemProxy */ = {
			isa = PBXContainerItemProxy;
			containerPortal = 47B995A42021520800931EED /* Project object */;
			proxyType = 1;
			remoteGlobalIDString = 47B995AB2021520800931EED;
			remoteInfo = Flix;
		};
		47B995CC2021520900931EED /* PBXContainerItemProxy */ = {
			isa = PBXContainerItemProxy;
			containerPortal = 47B995A42021520800931EED /* Project object */;
			proxyType = 1;
			remoteGlobalIDString = 47B995AB2021520800931EED;
			remoteInfo = Flix;
		};
/* End PBXContainerItemProxy section */

/* Begin PBXFileReference section */
		2693DFBBC9FD8287ED5CFF56 /* Pods_FlixTests.framework */ = {isa = PBXFileReference; explicitFileType = wrapper.framework; includeInIndex = 0; path = Pods_FlixTests.framework; sourceTree = BUILT_PRODUCTS_DIR; };
		2E8339058215D5F2D6DEAF8E /* Pods-FlixTests.debug.xcconfig */ = {isa = PBXFileReference; includeInIndex = 1; lastKnownFileType = text.xcconfig; name = "Pods-FlixTests.debug.xcconfig"; path = "Pods/Target Support Files/Pods-FlixTests/Pods-FlixTests.debug.xcconfig"; sourceTree = "<group>"; };
		34937E572E2D983F8542984B /* Pods-Flix.debug.xcconfig */ = {isa = PBXFileReference; includeInIndex = 1; lastKnownFileType = text.xcconfig; name = "Pods-Flix.debug.xcconfig"; path = "Pods/Target Support Files/Pods-Flix/Pods-Flix.debug.xcconfig"; sourceTree = "<group>"; };
		475078682034523B00CE2F01 /* ScrollingLabel.swift */ = {isa = PBXFileReference; lastKnownFileType = sourcecode.swift; path = ScrollingLabel.swift; sourceTree = "<group>"; };
		47B4FA442047C21C0022E235 /* Movie.swift */ = {isa = PBXFileReference; lastKnownFileType = sourcecode.swift; path = Movie.swift; sourceTree = "<group>"; };
		47B4FA462048D0F60022E235 /* TVShow.swift */ = {isa = PBXFileReference; lastKnownFileType = sourcecode.swift; path = TVShow.swift; sourceTree = "<group>"; };
		47B4FA482048D3A70022E235 /* Actor.swift */ = {isa = PBXFileReference; lastKnownFileType = sourcecode.swift; path = Actor.swift; sourceTree = "<group>"; };
		47B4FA4A2048D55B0022E235 /* APIObject.swift */ = {isa = PBXFileReference; lastKnownFileType = sourcecode.swift; path = APIObject.swift; sourceTree = "<group>"; };
		47B4FA4C2048DC840022E235 /* MovieCell.swift */ = {isa = PBXFileReference; lastKnownFileType = sourcecode.swift; path = MovieCell.swift; sourceTree = "<group>"; };
		47B4FA522048DEFA0022E235 /* APIManager.swift */ = {isa = PBXFileReference; lastKnownFileType = sourcecode.swift; path = APIManager.swift; sourceTree = "<group>"; };
		47B995AC2021520800931EED /* Flix.app */ = {isa = PBXFileReference; explicitFileType = wrapper.application; includeInIndex = 0; path = Flix.app; sourceTree = BUILT_PRODUCTS_DIR; };
		47B995AF2021520800931EED /* AppDelegate.swift */ = {isa = PBXFileReference; lastKnownFileType = sourcecode.swift; path = AppDelegate.swift; sourceTree = "<group>"; };
		47B995B12021520800931EED /* MoviesViewController.swift */ = {isa = PBXFileReference; lastKnownFileType = sourcecode.swift; path = MoviesViewController.swift; sourceTree = "<group>"; };
		47B995B42021520800931EED /* Base */ = {isa = PBXFileReference; lastKnownFileType = file.storyboard; name = Base; path = Base.lproj/Main.storyboard; sourceTree = "<group>"; };
		47B995B62021520800931EED /* Assets.xcassets */ = {isa = PBXFileReference; lastKnownFileType = folder.assetcatalog; path = Assets.xcassets; sourceTree = "<group>"; };
		47B995B92021520800931EED /* Base */ = {isa = PBXFileReference; lastKnownFileType = file.storyboard; name = Base; path = Base.lproj/LaunchScreen.storyboard; sourceTree = "<group>"; };
		47B995BB2021520800931EED /* Info.plist */ = {isa = PBXFileReference; lastKnownFileType = text.plist.xml; path = Info.plist; sourceTree = "<group>"; };
		47B995C02021520800931EED /* FlixTests.xctest */ = {isa = PBXFileReference; explicitFileType = wrapper.cfbundle; includeInIndex = 0; path = FlixTests.xctest; sourceTree = BUILT_PRODUCTS_DIR; };
		47B995C42021520800931EED /* FlixTests.swift */ = {isa = PBXFileReference; lastKnownFileType = sourcecode.swift; path = FlixTests.swift; sourceTree = "<group>"; };
		47B995C62021520800931EED /* Info.plist */ = {isa = PBXFileReference; lastKnownFileType = text.plist.xml; path = Info.plist; sourceTree = "<group>"; };
		47B995CB2021520800931EED /* FlixUITests.xctest */ = {isa = PBXFileReference; explicitFileType = wrapper.cfbundle; includeInIndex = 0; path = FlixUITests.xctest; sourceTree = BUILT_PRODUCTS_DIR; };
		47B995CF2021520900931EED /* FlixUITests.swift */ = {isa = PBXFileReference; lastKnownFileType = sourcecode.swift; path = FlixUITests.swift; sourceTree = "<group>"; };
		47B995D12021520900931EED /* Info.plist */ = {isa = PBXFileReference; lastKnownFileType = text.plist.xml; path = Info.plist; sourceTree = "<group>"; };
		47C5DD932031920500B5F5F6 /* TrailerViewController.swift */ = {isa = PBXFileReference; lastKnownFileType = sourcecode.swift; path = TrailerViewController.swift; sourceTree = "<group>"; };
		47C5DD95203264F000B5F5F6 /* ContentsSearchController.swift */ = {isa = PBXFileReference; lastKnownFileType = sourcecode.swift; path = ContentsSearchController.swift; sourceTree = "<group>"; };
		47C5DD972032666C00B5F5F6 /* PosterCell.swift */ = {isa = PBXFileReference; lastKnownFileType = sourcecode.swift; path = PosterCell.swift; sourceTree = "<group>"; };
		47C5DD992032713300B5F5F6 /* SettingsViewController.swift */ = {isa = PBXFileReference; lastKnownFileType = sourcecode.swift; path = SettingsViewController.swift; sourceTree = "<group>"; };
		47EC6ACB202A7F1B0075426F /* DetailViewController.swift */ = {isa = PBXFileReference; lastKnownFileType = sourcecode.swift; path = DetailViewController.swift; sourceTree = "<group>"; };
		47EC6ACD202A84FF0075426F /* SuperheroViewController.swift */ = {isa = PBXFileReference; lastKnownFileType = sourcecode.swift; path = SuperheroViewController.swift; sourceTree = "<group>"; };
		47F201552032CC6700F756B2 /* Extensions.swift */ = {isa = PBXFileReference; lastKnownFileType = sourcecode.swift; path = Extensions.swift; sourceTree = "<group>"; };
		47F201572032CCA700F756B2 /* ActorDetailViewController.swift */ = {isa = PBXFileReference; lastKnownFileType = sourcecode.swift; path = ActorDetailViewController.swift; sourceTree = "<group>"; };
		7A136DC17C26AACEF160E562 /* Pods-FlixUITests.release.xcconfig */ = {isa = PBXFileReference; includeInIndex = 1; lastKnownFileType = text.xcconfig; name = "Pods-FlixUITests.release.xcconfig"; path = "Pods/Target Support Files/Pods-FlixUITests/Pods-FlixUITests.release.xcconfig"; sourceTree = "<group>"; };
		A89C83E164D92339EF40F452 /* Pods-Flix.release.xcconfig */ = {isa = PBXFileReference; includeInIndex = 1; lastKnownFileType = text.xcconfig; name = "Pods-Flix.release.xcconfig"; path = "Pods/Target Support Files/Pods-Flix/Pods-Flix.release.xcconfig"; sourceTree = "<group>"; };
		BBA4B3D8CF046F8CB8E81696 /* Pods_FlixUITests.framework */ = {isa = PBXFileReference; explicitFileType = wrapper.framework; includeInIndex = 0; path = Pods_FlixUITests.framework; sourceTree = BUILT_PRODUCTS_DIR; };
		C4F75B6C3133E75307EB216B /* Pods-FlixTests.release.xcconfig */ = {isa = PBXFileReference; includeInIndex = 1; lastKnownFileType = text.xcconfig; name = "Pods-FlixTests.release.xcconfig"; path = "Pods/Target Support Files/Pods-FlixTests/Pods-FlixTests.release.xcconfig"; sourceTree = "<group>"; };
		CBDEEF3C18A35CD03CB568FF /* Pods_Flix.framework */ = {isa = PBXFileReference; explicitFileType = wrapper.framework; includeInIndex = 0; path = Pods_Flix.framework; sourceTree = BUILT_PRODUCTS_DIR; };
		FF350ABDBEE2F6BAB525710E /* Pods-FlixUITests.debug.xcconfig */ = {isa = PBXFileReference; includeInIndex = 1; lastKnownFileType = text.xcconfig; name = "Pods-FlixUITests.debug.xcconfig"; path = "Pods/Target Support Files/Pods-FlixUITests/Pods-FlixUITests.debug.xcconfig"; sourceTree = "<group>"; };
/* End PBXFileReference section */

/* Begin PBXFrameworksBuildPhase section */
		47B995A92021520800931EED /* Frameworks */ = {
			isa = PBXFrameworksBuildPhase;
			buildActionMask = 2147483647;
			files = (
				D43F71983CEB1DC70EC49ABF /* Pods_Flix.framework in Frameworks */,
			);
			runOnlyForDeploymentPostprocessing = 0;
		};
		47B995BD2021520800931EED /* Frameworks */ = {
			isa = PBXFrameworksBuildPhase;
			buildActionMask = 2147483647;
			files = (
				A0BFB5CC55FC50CB02A3911A /* Pods_FlixTests.framework in Frameworks */,
			);
			runOnlyForDeploymentPostprocessing = 0;
		};
		47B995C82021520800931EED /* Frameworks */ = {
			isa = PBXFrameworksBuildPhase;
			buildActionMask = 2147483647;
			files = (
				1B5D4412AE3B761745E2439D /* Pods_FlixUITests.framework in Frameworks */,
			);
			runOnlyForDeploymentPostprocessing = 0;
		};
/* End PBXFrameworksBuildPhase section */

/* Begin PBXGroup section */
		47B4FA4E2048DEAD0022E235 /* Models */ = {
			isa = PBXGroup;
			children = (
				47B4FA442047C21C0022E235 /* Movie.swift */,
				47B4FA462048D0F60022E235 /* TVShow.swift */,
				47B4FA482048D3A70022E235 /* Actor.swift */,
				47B4FA4A2048D55B0022E235 /* APIObject.swift */,
			);
			path = Models;
			sourceTree = "<group>";
		};
		47B4FA502048DEC00022E235 /* UI Components */ = {
			isa = PBXGroup;
			children = (
				47C5DD972032666C00B5F5F6 /* PosterCell.swift */,
				475078682034523B00CE2F01 /* ScrollingLabel.swift */,
				47B4FA4C2048DC840022E235 /* MovieCell.swift */,
			);
			path = "UI Components";
			sourceTree = "<group>";
		};
		47B4FA512048DEE60022E235 /* API Client */ = {
			isa = PBXGroup;
			children = (
				47B4FA522048DEFA0022E235 /* APIManager.swift */,
			);
			path = "API Client";
			sourceTree = "<group>";
		};
		47B995A32021520800931EED = {
			isa = PBXGroup;
			children = (
				47B995AE2021520800931EED /* Flix */,
				47B995C32021520800931EED /* FlixTests */,
				47B995CE2021520900931EED /* FlixUITests */,
				47B995AD2021520800931EED /* Products */,
				5D60765FAE30A2C9E4B353AA /* Pods */,
				B75CA7D8AA72EDCD237B0D91 /* Frameworks */,
			);
			sourceTree = "<group>";
		};
		47B995AD2021520800931EED /* Products */ = {
			isa = PBXGroup;
			children = (
				47B995AC2021520800931EED /* Flix.app */,
				47B995C02021520800931EED /* FlixTests.xctest */,
				47B995CB2021520800931EED /* FlixUITests.xctest */,
			);
			name = Products;
			sourceTree = "<group>";
		};
		47B995AE2021520800931EED /* Flix */ = {
			isa = PBXGroup;
			children = (
				47B4FA512048DEE60022E235 /* API Client */,
				47B4FA502048DEC00022E235 /* UI Components */,
				47B4FA4E2048DEAD0022E235 /* Models */,
				47F3FA9F2033BD0000857207 /* ViewControllers */,
				47B995AF2021520800931EED /* AppDelegate.swift */,
				47B995B32021520800931EED /* Main.storyboard */,
				47B995B62021520800931EED /* Assets.xcassets */,
				47B995B82021520800931EED /* LaunchScreen.storyboard */,
				47B995BB2021520800931EED /* Info.plist */,
				47F201552032CC6700F756B2 /* Extensions.swift */,
			);
			path = Flix;
			sourceTree = "<group>";
		};
		47B995C32021520800931EED /* FlixTests */ = {
			isa = PBXGroup;
			children = (
				47B995C42021520800931EED /* FlixTests.swift */,
				47B995C62021520800931EED /* Info.plist */,
			);
			path = FlixTests;
			sourceTree = "<group>";
		};
		47B995CE2021520900931EED /* FlixUITests */ = {
			isa = PBXGroup;
			children = (
				47B995CF2021520900931EED /* FlixUITests.swift */,
				47B995D12021520900931EED /* Info.plist */,
			);
			path = FlixUITests;
			sourceTree = "<group>";
		};
		47F3FA9F2033BD0000857207 /* ViewControllers */ = {
			isa = PBXGroup;
			children = (
				47EC6ACB202A7F1B0075426F /* DetailViewController.swift */,
				47C5DD932031920500B5F5F6 /* TrailerViewController.swift */,
				47C5DD95203264F000B5F5F6 /* ContentsSearchController.swift */,
				47C5DD992032713300B5F5F6 /* SettingsViewController.swift */,
				47F201572032CCA700F756B2 /* ActorDetailViewController.swift */,
				47EC6ACD202A84FF0075426F /* SuperheroViewController.swift */,
				47B995B12021520800931EED /* MoviesViewController.swift */,
			);
			path = ViewControllers;
			sourceTree = "<group>";
		};
		5D60765FAE30A2C9E4B353AA /* Pods */ = {
			isa = PBXGroup;
			children = (
				34937E572E2D983F8542984B /* Pods-Flix.debug.xcconfig */,
				A89C83E164D92339EF40F452 /* Pods-Flix.release.xcconfig */,
				2E8339058215D5F2D6DEAF8E /* Pods-FlixTests.debug.xcconfig */,
				C4F75B6C3133E75307EB216B /* Pods-FlixTests.release.xcconfig */,
				FF350ABDBEE2F6BAB525710E /* Pods-FlixUITests.debug.xcconfig */,
				7A136DC17C26AACEF160E562 /* Pods-FlixUITests.release.xcconfig */,
			);
			name = Pods;
			sourceTree = "<group>";
		};
		B75CA7D8AA72EDCD237B0D91 /* Frameworks */ = {
			isa = PBXGroup;
			children = (
				CBDEEF3C18A35CD03CB568FF /* Pods_Flix.framework */,
				2693DFBBC9FD8287ED5CFF56 /* Pods_FlixTests.framework */,
				BBA4B3D8CF046F8CB8E81696 /* Pods_FlixUITests.framework */,
			);
			name = Frameworks;
			sourceTree = "<group>";
		};
/* End PBXGroup section */

/* Begin PBXNativeTarget section */
		47B995AB2021520800931EED /* Flix */ = {
			isa = PBXNativeTarget;
			buildConfigurationList = 47B995D42021520900931EED /* Build configuration list for PBXNativeTarget "Flix" */;
			buildPhases = (
				1C28F7E04AF815E08BFAC1B0 /* [CP] Check Pods Manifest.lock */,
				47B995A82021520800931EED /* Sources */,
				47B995A92021520800931EED /* Frameworks */,
				47B995AA2021520800931EED /* Resources */,
				54B6689EBDAF4C7E477C8EC0 /* [CP] Embed Pods Frameworks */,
				AFE0F88E1C7D9B30B3FCDC67 /* [CP] Copy Pods Resources */,
			);
			buildRules = (
			);
			dependencies = (
			);
			name = Flix;
			productName = Flix;
			productReference = 47B995AC2021520800931EED /* Flix.app */;
			productType = "com.apple.product-type.application";
		};
		47B995BF2021520800931EED /* FlixTests */ = {
			isa = PBXNativeTarget;
			buildConfigurationList = 47B995D72021520900931EED /* Build configuration list for PBXNativeTarget "FlixTests" */;
			buildPhases = (
				2E310958919F7AA5741D0F00 /* [CP] Check Pods Manifest.lock */,
				47B995BC2021520800931EED /* Sources */,
				47B995BD2021520800931EED /* Frameworks */,
				47B995BE2021520800931EED /* Resources */,
				25160245EEF9B6E8FBC249DA /* [CP] Embed Pods Frameworks */,
				6874DEF736E0F71ACD60C9A2 /* [CP] Copy Pods Resources */,
			);
			buildRules = (
			);
			dependencies = (
				47B995C22021520800931EED /* PBXTargetDependency */,
			);
			name = FlixTests;
			productName = FlixTests;
			productReference = 47B995C02021520800931EED /* FlixTests.xctest */;
			productType = "com.apple.product-type.bundle.unit-test";
		};
		47B995CA2021520800931EED /* FlixUITests */ = {
			isa = PBXNativeTarget;
			buildConfigurationList = 47B995DA2021520900931EED /* Build configuration list for PBXNativeTarget "FlixUITests" */;
			buildPhases = (
				AD169BF89D236BCD9EA65A53 /* [CP] Check Pods Manifest.lock */,
				47B995C72021520800931EED /* Sources */,
				47B995C82021520800931EED /* Frameworks */,
				47B995C92021520800931EED /* Resources */,
				2F6581B421794734C8F18EF4 /* [CP] Embed Pods Frameworks */,
				246CF78CA43397178001A492 /* [CP] Copy Pods Resources */,
			);
			buildRules = (
			);
			dependencies = (
				47B995CD2021520900931EED /* PBXTargetDependency */,
			);
			name = FlixUITests;
			productName = FlixUITests;
			productReference = 47B995CB2021520800931EED /* FlixUITests.xctest */;
			productType = "com.apple.product-type.bundle.ui-testing";
		};
/* End PBXNativeTarget section */

/* Begin PBXProject section */
		47B995A42021520800931EED /* Project object */ = {
			isa = PBXProject;
			attributes = {
				LastSwiftUpdateCheck = 0920;
				LastUpgradeCheck = 0920;
				ORGANIZATIONNAME = Hoang;
				TargetAttributes = {
					47B995AB2021520800931EED = {
						CreatedOnToolsVersion = 9.2;
						ProvisioningStyle = Automatic;
					};
					47B995BF2021520800931EED = {
						CreatedOnToolsVersion = 9.2;
						ProvisioningStyle = Automatic;
						TestTargetID = 47B995AB2021520800931EED;
					};
					47B995CA2021520800931EED = {
						CreatedOnToolsVersion = 9.2;
						ProvisioningStyle = Automatic;
						TestTargetID = 47B995AB2021520800931EED;
					};
				};
			};
			buildConfigurationList = 47B995A72021520800931EED /* Build configuration list for PBXProject "Flix" */;
			compatibilityVersion = "Xcode 8.0";
			developmentRegion = en;
			hasScannedForEncodings = 0;
			knownRegions = (
				en,
				Base,
			);
			mainGroup = 47B995A32021520800931EED;
			productRefGroup = 47B995AD2021520800931EED /* Products */;
			projectDirPath = "";
			projectRoot = "";
			targets = (
				47B995AB2021520800931EED /* Flix */,
				47B995BF2021520800931EED /* FlixTests */,
				47B995CA2021520800931EED /* FlixUITests */,
			);
		};
/* End PBXProject section */

/* Begin PBXResourcesBuildPhase section */
		47B995AA2021520800931EED /* Resources */ = {
			isa = PBXResourcesBuildPhase;
			buildActionMask = 2147483647;
			files = (
				47B995BA2021520800931EED /* LaunchScreen.storyboard in Resources */,
				47B995B72021520800931EED /* Assets.xcassets in Resources */,
				47B995B52021520800931EED /* Main.storyboard in Resources */,
			);
			runOnlyForDeploymentPostprocessing = 0;
		};
		47B995BE2021520800931EED /* Resources */ = {
			isa = PBXResourcesBuildPhase;
			buildActionMask = 2147483647;
			files = (
			);
			runOnlyForDeploymentPostprocessing = 0;
		};
		47B995C92021520800931EED /* Resources */ = {
			isa = PBXResourcesBuildPhase;
			buildActionMask = 2147483647;
			files = (
			);
			runOnlyForDeploymentPostprocessing = 0;
		};
/* End PBXResourcesBuildPhase section */

/* Begin PBXShellScriptBuildPhase section */
		1C28F7E04AF815E08BFAC1B0 /* [CP] Check Pods Manifest.lock */ = {
			isa = PBXShellScriptBuildPhase;
			buildActionMask = 2147483647;
			files = (
			);
			inputPaths = (
				"${PODS_PODFILE_DIR_PATH}/Podfile.lock",
				"${PODS_ROOT}/Manifest.lock",
			);
			name = "[CP] Check Pods Manifest.lock";
			outputPaths = (
				"$(DERIVED_FILE_DIR)/Pods-Flix-checkManifestLockResult.txt",
			);
			runOnlyForDeploymentPostprocessing = 0;
			shellPath = /bin/sh;
			shellScript = "diff \"${PODS_PODFILE_DIR_PATH}/Podfile.lock\" \"${PODS_ROOT}/Manifest.lock\" > /dev/null\nif [ $? != 0 ] ; then\n    # print error to STDERR\n    echo \"error: The sandbox is not in sync with the Podfile.lock. Run 'pod install' or update your CocoaPods installation.\" >&2\n    exit 1\nfi\n# This output is used by Xcode 'outputs' to avoid re-running this script phase.\necho \"SUCCESS\" > \"${SCRIPT_OUTPUT_FILE_0}\"\n";
			showEnvVarsInLog = 0;
		};
		246CF78CA43397178001A492 /* [CP] Copy Pods Resources */ = {
			isa = PBXShellScriptBuildPhase;
			buildActionMask = 2147483647;
			files = (
			);
			inputPaths = (
			);
			name = "[CP] Copy Pods Resources";
			outputPaths = (
			);
			runOnlyForDeploymentPostprocessing = 0;
			shellPath = /bin/sh;
			shellScript = "\"${SRCROOT}/Pods/Target Support Files/Pods-FlixUITests/Pods-FlixUITests-resources.sh\"\n";
			showEnvVarsInLog = 0;
		};
		25160245EEF9B6E8FBC249DA /* [CP] Embed Pods Frameworks */ = {
			isa = PBXShellScriptBuildPhase;
			buildActionMask = 2147483647;
			files = (
			);
			inputPaths = (
			);
			name = "[CP] Embed Pods Frameworks";
			outputPaths = (
			);
			runOnlyForDeploymentPostprocessing = 0;
			shellPath = /bin/sh;
			shellScript = "\"${SRCROOT}/Pods/Target Support Files/Pods-FlixTests/Pods-FlixTests-frameworks.sh\"\n";
			showEnvVarsInLog = 0;
		};
		2E310958919F7AA5741D0F00 /* [CP] Check Pods Manifest.lock */ = {
			isa = PBXShellScriptBuildPhase;
			buildActionMask = 2147483647;
			files = (
			);
			inputPaths = (
				"${PODS_PODFILE_DIR_PATH}/Podfile.lock",
				"${PODS_ROOT}/Manifest.lock",
			);
			name = "[CP] Check Pods Manifest.lock";
			outputPaths = (
				"$(DERIVED_FILE_DIR)/Pods-FlixTests-checkManifestLockResult.txt",
			);
			runOnlyForDeploymentPostprocessing = 0;
			shellPath = /bin/sh;
			shellScript = "diff \"${PODS_PODFILE_DIR_PATH}/Podfile.lock\" \"${PODS_ROOT}/Manifest.lock\" > /dev/null\nif [ $? != 0 ] ; then\n    # print error to STDERR\n    echo \"error: The sandbox is not in sync with the Podfile.lock. Run 'pod install' or update your CocoaPods installation.\" >&2\n    exit 1\nfi\n# This output is used by Xcode 'outputs' to avoid re-running this script phase.\necho \"SUCCESS\" > \"${SCRIPT_OUTPUT_FILE_0}\"\n";
			showEnvVarsInLog = 0;
		};
		2F6581B421794734C8F18EF4 /* [CP] Embed Pods Frameworks */ = {
			isa = PBXShellScriptBuildPhase;
			buildActionMask = 2147483647;
			files = (
			);
			inputPaths = (
			);
			name = "[CP] Embed Pods Frameworks";
			outputPaths = (
			);
			runOnlyForDeploymentPostprocessing = 0;
			shellPath = /bin/sh;
			shellScript = "\"${SRCROOT}/Pods/Target Support Files/Pods-FlixUITests/Pods-FlixUITests-frameworks.sh\"\n";
			showEnvVarsInLog = 0;
		};
		54B6689EBDAF4C7E477C8EC0 /* [CP] Embed Pods Frameworks */ = {
			isa = PBXShellScriptBuildPhase;
			buildActionMask = 2147483647;
			files = (
			);
			inputPaths = (
				"${SRCROOT}/Pods/Target Support Files/Pods-Flix/Pods-Flix-frameworks.sh",
				"${BUILT_PRODUCTS_DIR}/Alamofire/Alamofire.framework",
				"${BUILT_PRODUCTS_DIR}/AlamofireImage/AlamofireImage.framework",
			);
			name = "[CP] Embed Pods Frameworks";
			outputPaths = (
				"${TARGET_BUILD_DIR}/${FRAMEWORKS_FOLDER_PATH}/Alamofire.framework",
				"${TARGET_BUILD_DIR}/${FRAMEWORKS_FOLDER_PATH}/AlamofireImage.framework",
			);
			runOnlyForDeploymentPostprocessing = 0;
			shellPath = /bin/sh;
			shellScript = "\"${SRCROOT}/Pods/Target Support Files/Pods-Flix/Pods-Flix-frameworks.sh\"\n";
			showEnvVarsInLog = 0;
		};
		6874DEF736E0F71ACD60C9A2 /* [CP] Copy Pods Resources */ = {
			isa = PBXShellScriptBuildPhase;
			buildActionMask = 2147483647;
			files = (
			);
			inputPaths = (
			);
			name = "[CP] Copy Pods Resources";
			outputPaths = (
			);
			runOnlyForDeploymentPostprocessing = 0;
			shellPath = /bin/sh;
			shellScript = "\"${SRCROOT}/Pods/Target Support Files/Pods-FlixTests/Pods-FlixTests-resources.sh\"\n";
			showEnvVarsInLog = 0;
		};
		AD169BF89D236BCD9EA65A53 /* [CP] Check Pods Manifest.lock */ = {
			isa = PBXShellScriptBuildPhase;
			buildActionMask = 2147483647;
			files = (
			);
			inputPaths = (
				"${PODS_PODFILE_DIR_PATH}/Podfile.lock",
				"${PODS_ROOT}/Manifest.lock",
			);
			name = "[CP] Check Pods Manifest.lock";
			outputPaths = (
				"$(DERIVED_FILE_DIR)/Pods-FlixUITests-checkManifestLockResult.txt",
			);
			runOnlyForDeploymentPostprocessing = 0;
			shellPath = /bin/sh;
			shellScript = "diff \"${PODS_PODFILE_DIR_PATH}/Podfile.lock\" \"${PODS_ROOT}/Manifest.lock\" > /dev/null\nif [ $? != 0 ] ; then\n    # print error to STDERR\n    echo \"error: The sandbox is not in sync with the Podfile.lock. Run 'pod install' or update your CocoaPods installation.\" >&2\n    exit 1\nfi\n# This output is used by Xcode 'outputs' to avoid re-running this script phase.\necho \"SUCCESS\" > \"${SCRIPT_OUTPUT_FILE_0}\"\n";
			showEnvVarsInLog = 0;
		};
		AFE0F88E1C7D9B30B3FCDC67 /* [CP] Copy Pods Resources */ = {
			isa = PBXShellScriptBuildPhase;
			buildActionMask = 2147483647;
			files = (
			);
			inputPaths = (
			);
			name = "[CP] Copy Pods Resources";
			outputPaths = (
			);
			runOnlyForDeploymentPostprocessing = 0;
			shellPath = /bin/sh;
			shellScript = "\"${SRCROOT}/Pods/Target Support Files/Pods-Flix/Pods-Flix-resources.sh\"\n";
			showEnvVarsInLog = 0;
		};
/* End PBXShellScriptBuildPhase section */

/* Begin PBXSourcesBuildPhase section */
		47B995A82021520800931EED /* Sources */ = {
			isa = PBXSourcesBuildPhase;
			buildActionMask = 2147483647;
			files = (
				47B4FA472048D0F60022E235 /* TVShow.swift in Sources */,
				47EC6ACE202A84FF0075426F /* SuperheroViewController.swift in Sources */,
				47F201562032CC6700F756B2 /* Extensions.swift in Sources */,
				47B4FA492048D3A70022E235 /* Actor.swift in Sources */,
				47B4FA4B2048D55B0022E235 /* APIObject.swift in Sources */,
				47B4FA452047C21C0022E235 /* Movie.swift in Sources */,
				47EC6ACC202A7F1B0075426F /* DetailViewController.swift in Sources */,
				47F201582032CCA700F756B2 /* ActorDetailViewController.swift in Sources */,
				47B995B22021520800931EED /* MoviesViewController.swift in Sources */,
				47C5DD96203264F000B5F5F6 /* ContentsSearchController.swift in Sources */,
				47B4FA4D2048DC840022E235 /* MovieCell.swift in Sources */,
				47C5DD942031920500B5F5F6 /* TrailerViewController.swift in Sources */,
				47B4FA532048DEFA0022E235 /* APIManager.swift in Sources */,
				475078692034523B00CE2F01 /* ScrollingLabel.swift in Sources */,
				47C5DD982032666C00B5F5F6 /* PosterCell.swift in Sources */,
				47B995B02021520800931EED /* AppDelegate.swift in Sources */,
				47C5DD9A2032713300B5F5F6 /* SettingsViewController.swift in Sources */,
			);
			runOnlyForDeploymentPostprocessing = 0;
		};
		47B995BC2021520800931EED /* Sources */ = {
			isa = PBXSourcesBuildPhase;
			buildActionMask = 2147483647;
			files = (
				47B995C52021520800931EED /* FlixTests.swift in Sources */,
			);
			runOnlyForDeploymentPostprocessing = 0;
		};
		47B995C72021520800931EED /* Sources */ = {
			isa = PBXSourcesBuildPhase;
			buildActionMask = 2147483647;
			files = (
				47B995D02021520900931EED /* FlixUITests.swift in Sources */,
			);
			runOnlyForDeploymentPostprocessing = 0;
		};
/* End PBXSourcesBuildPhase section */

/* Begin PBXTargetDependency section */
		47B995C22021520800931EED /* PBXTargetDependency */ = {
			isa = PBXTargetDependency;
			target = 47B995AB2021520800931EED /* Flix */;
			targetProxy = 47B995C12021520800931EED /* PBXContainerItemProxy */;
		};
		47B995CD2021520900931EED /* PBXTargetDependency */ = {
			isa = PBXTargetDependency;
			target = 47B995AB2021520800931EED /* Flix */;
			targetProxy = 47B995CC2021520900931EED /* PBXContainerItemProxy */;
		};
/* End PBXTargetDependency section */

/* Begin PBXVariantGroup section */
		47B995B32021520800931EED /* Main.storyboard */ = {
			isa = PBXVariantGroup;
			children = (
				47B995B42021520800931EED /* Base */,
			);
			name = Main.storyboard;
			sourceTree = "<group>";
		};
		47B995B82021520800931EED /* LaunchScreen.storyboard */ = {
			isa = PBXVariantGroup;
			children = (
				47B995B92021520800931EED /* Base */,
			);
			name = LaunchScreen.storyboard;
			sourceTree = "<group>";
		};
/* End PBXVariantGroup section */

/* Begin XCBuildConfiguration section */
		47B995D22021520900931EED /* Debug */ = {
			isa = XCBuildConfiguration;
			buildSettings = {
				ALWAYS_SEARCH_USER_PATHS = NO;
				CLANG_ANALYZER_NONNULL = YES;
				CLANG_ANALYZER_NUMBER_OBJECT_CONVERSION = YES_AGGRESSIVE;
				CLANG_CXX_LANGUAGE_STANDARD = "gnu++14";
				CLANG_CXX_LIBRARY = "libc++";
				CLANG_ENABLE_MODULES = YES;
				CLANG_ENABLE_OBJC_ARC = YES;
				CLANG_WARN_BLOCK_CAPTURE_AUTORELEASING = YES;
				CLANG_WARN_BOOL_CONVERSION = YES;
				CLANG_WARN_COMMA = YES;
				CLANG_WARN_CONSTANT_CONVERSION = YES;
				CLANG_WARN_DIRECT_OBJC_ISA_USAGE = YES_ERROR;
				CLANG_WARN_DOCUMENTATION_COMMENTS = YES;
				CLANG_WARN_EMPTY_BODY = YES;
				CLANG_WARN_ENUM_CONVERSION = YES;
				CLANG_WARN_INFINITE_RECURSION = YES;
				CLANG_WARN_INT_CONVERSION = YES;
				CLANG_WARN_NON_LITERAL_NULL_CONVERSION = YES;
				CLANG_WARN_OBJC_LITERAL_CONVERSION = YES;
				CLANG_WARN_OBJC_ROOT_CLASS = YES_ERROR;
				CLANG_WARN_RANGE_LOOP_ANALYSIS = YES;
				CLANG_WARN_STRICT_PROTOTYPES = YES;
				CLANG_WARN_SUSPICIOUS_MOVE = YES;
				CLANG_WARN_UNGUARDED_AVAILABILITY = YES_AGGRESSIVE;
				CLANG_WARN_UNREACHABLE_CODE = YES;
				CLANG_WARN__DUPLICATE_METHOD_MATCH = YES;
				CODE_SIGN_IDENTITY = "iPhone Developer";
				COPY_PHASE_STRIP = NO;
				DEBUG_INFORMATION_FORMAT = dwarf;
				ENABLE_STRICT_OBJC_MSGSEND = YES;
				ENABLE_TESTABILITY = YES;
				GCC_C_LANGUAGE_STANDARD = gnu11;
				GCC_DYNAMIC_NO_PIC = NO;
				GCC_NO_COMMON_BLOCKS = YES;
				GCC_OPTIMIZATION_LEVEL = 0;
				GCC_PREPROCESSOR_DEFINITIONS = (
					"DEBUG=1",
					"$(inherited)",
				);
				GCC_WARN_64_TO_32_BIT_CONVERSION = YES;
				GCC_WARN_ABOUT_RETURN_TYPE = YES_ERROR;
				GCC_WARN_UNDECLARED_SELECTOR = YES;
				GCC_WARN_UNINITIALIZED_AUTOS = YES_AGGRESSIVE;
				GCC_WARN_UNUSED_FUNCTION = YES;
				GCC_WARN_UNUSED_VARIABLE = YES;
				IPHONEOS_DEPLOYMENT_TARGET = 11.2;
				MTL_ENABLE_DEBUG_INFO = YES;
				ONLY_ACTIVE_ARCH = YES;
				SDKROOT = iphoneos;
				SWIFT_ACTIVE_COMPILATION_CONDITIONS = DEBUG;
				SWIFT_OPTIMIZATION_LEVEL = "-Onone";
			};
			name = Debug;
		};
		47B995D32021520900931EED /* Release */ = {
			isa = XCBuildConfiguration;
			buildSettings = {
				ALWAYS_SEARCH_USER_PATHS = NO;
				CLANG_ANALYZER_NONNULL = YES;
				CLANG_ANALYZER_NUMBER_OBJECT_CONVERSION = YES_AGGRESSIVE;
				CLANG_CXX_LANGUAGE_STANDARD = "gnu++14";
				CLANG_CXX_LIBRARY = "libc++";
				CLANG_ENABLE_MODULES = YES;
				CLANG_ENABLE_OBJC_ARC = YES;
				CLANG_WARN_BLOCK_CAPTURE_AUTORELEASING = YES;
				CLANG_WARN_BOOL_CONVERSION = YES;
				CLANG_WARN_COMMA = YES;
				CLANG_WARN_CONSTANT_CONVERSION = YES;
				CLANG_WARN_DIRECT_OBJC_ISA_USAGE = YES_ERROR;
				CLANG_WARN_DOCUMENTATION_COMMENTS = YES;
				CLANG_WARN_EMPTY_BODY = YES;
				CLANG_WARN_ENUM_CONVERSION = YES;
				CLANG_WARN_INFINITE_RECURSION = YES;
				CLANG_WARN_INT_CONVERSION = YES;
				CLANG_WARN_NON_LITERAL_NULL_CONVERSION = YES;
				CLANG_WARN_OBJC_LITERAL_CONVERSION = YES;
				CLANG_WARN_OBJC_ROOT_CLASS = YES_ERROR;
				CLANG_WARN_RANGE_LOOP_ANALYSIS = YES;
				CLANG_WARN_STRICT_PROTOTYPES = YES;
				CLANG_WARN_SUSPICIOUS_MOVE = YES;
				CLANG_WARN_UNGUARDED_AVAILABILITY = YES_AGGRESSIVE;
				CLANG_WARN_UNREACHABLE_CODE = YES;
				CLANG_WARN__DUPLICATE_METHOD_MATCH = YES;
				CODE_SIGN_IDENTITY = "iPhone Developer";
				COPY_PHASE_STRIP = NO;
				DEBUG_INFORMATION_FORMAT = "dwarf-with-dsym";
				ENABLE_NS_ASSERTIONS = NO;
				ENABLE_STRICT_OBJC_MSGSEND = YES;
				GCC_C_LANGUAGE_STANDARD = gnu11;
				GCC_NO_COMMON_BLOCKS = YES;
				GCC_WARN_64_TO_32_BIT_CONVERSION = YES;
				GCC_WARN_ABOUT_RETURN_TYPE = YES_ERROR;
				GCC_WARN_UNDECLARED_SELECTOR = YES;
				GCC_WARN_UNINITIALIZED_AUTOS = YES_AGGRESSIVE;
				GCC_WARN_UNUSED_FUNCTION = YES;
				GCC_WARN_UNUSED_VARIABLE = YES;
				IPHONEOS_DEPLOYMENT_TARGET = 11.2;
				MTL_ENABLE_DEBUG_INFO = NO;
				SDKROOT = iphoneos;
				SWIFT_OPTIMIZATION_LEVEL = "-Owholemodule";
				VALIDATE_PRODUCT = YES;
			};
			name = Release;
		};
		47B995D52021520900931EED /* Debug */ = {
			isa = XCBuildConfiguration;
			baseConfigurationReference = 34937E572E2D983F8542984B /* Pods-Flix.debug.xcconfig */;
			buildSettings = {
				ASSETCATALOG_COMPILER_APPICON_NAME = AppIcon;
				CODE_SIGN_STYLE = Automatic;
				DEVELOPMENT_TEAM = 4B5PEQM7U2;
				INFOPLIST_FILE = Flix/Info.plist;
				LD_RUNPATH_SEARCH_PATHS = "$(inherited) @executable_path/Frameworks";
				PRODUCT_BUNDLE_IDENTIFIER = Hoang.Flix;
				PRODUCT_NAME = "$(TARGET_NAME)";
				SWIFT_VERSION = 4.0;
				TARGETED_DEVICE_FAMILY = "1,2";
			};
			name = Debug;
		};
		47B995D62021520900931EED /* Release */ = {
			isa = XCBuildConfiguration;
			baseConfigurationReference = A89C83E164D92339EF40F452 /* Pods-Flix.release.xcconfig */;
			buildSettings = {
				ASSETCATALOG_COMPILER_APPICON_NAME = AppIcon;
				CODE_SIGN_STYLE = Automatic;
				DEVELOPMENT_TEAM = 4B5PEQM7U2;
				INFOPLIST_FILE = Flix/Info.plist;
				LD_RUNPATH_SEARCH_PATHS = "$(inherited) @executable_path/Frameworks";
				PRODUCT_BUNDLE_IDENTIFIER = Hoang.Flix;
				PRODUCT_NAME = "$(TARGET_NAME)";
				SWIFT_VERSION = 4.0;
				TARGETED_DEVICE_FAMILY = "1,2";
			};
			name = Release;
		};
		47B995D82021520900931EED /* Debug */ = {
			isa = XCBuildConfiguration;
			baseConfigurationReference = 2E8339058215D5F2D6DEAF8E /* Pods-FlixTests.debug.xcconfig */;
			buildSettings = {
				ALWAYS_EMBED_SWIFT_STANDARD_LIBRARIES = YES;
				BUNDLE_LOADER = "$(TEST_HOST)";
				CODE_SIGN_STYLE = Automatic;
				DEVELOPMENT_TEAM = 4B5PEQM7U2;
				INFOPLIST_FILE = FlixTests/Info.plist;
				LD_RUNPATH_SEARCH_PATHS = "$(inherited) @executable_path/Frameworks @loader_path/Frameworks";
				PRODUCT_BUNDLE_IDENTIFIER = Hoang.FlixTests;
				PRODUCT_NAME = "$(TARGET_NAME)";
				SWIFT_VERSION = 4.0;
				TARGETED_DEVICE_FAMILY = "1,2";
				TEST_HOST = "$(BUILT_PRODUCTS_DIR)/Flix.app/Flix";
			};
			name = Debug;
		};
		47B995D92021520900931EED /* Release */ = {
			isa = XCBuildConfiguration;
			baseConfigurationReference = C4F75B6C3133E75307EB216B /* Pods-FlixTests.release.xcconfig */;
			buildSettings = {
				ALWAYS_EMBED_SWIFT_STANDARD_LIBRARIES = YES;
				BUNDLE_LOADER = "$(TEST_HOST)";
				CODE_SIGN_STYLE = Automatic;
				DEVELOPMENT_TEAM = 4B5PEQM7U2;
				INFOPLIST_FILE = FlixTests/Info.plist;
				LD_RUNPATH_SEARCH_PATHS = "$(inherited) @executable_path/Frameworks @loader_path/Frameworks";
				PRODUCT_BUNDLE_IDENTIFIER = Hoang.FlixTests;
				PRODUCT_NAME = "$(TARGET_NAME)";
				SWIFT_VERSION = 4.0;
				TARGETED_DEVICE_FAMILY = "1,2";
				TEST_HOST = "$(BUILT_PRODUCTS_DIR)/Flix.app/Flix";
			};
			name = Release;
		};
		47B995DB2021520900931EED /* Debug */ = {
			isa = XCBuildConfiguration;
			baseConfigurationReference = FF350ABDBEE2F6BAB525710E /* Pods-FlixUITests.debug.xcconfig */;
			buildSettings = {
				ALWAYS_EMBED_SWIFT_STANDARD_LIBRARIES = YES;
				CODE_SIGN_STYLE = Automatic;
				DEVELOPMENT_TEAM = 4B5PEQM7U2;
				INFOPLIST_FILE = FlixUITests/Info.plist;
				LD_RUNPATH_SEARCH_PATHS = "$(inherited) @executable_path/Frameworks @loader_path/Frameworks";
				PRODUCT_BUNDLE_IDENTIFIER = Hoang.FlixUITests;
				PRODUCT_NAME = "$(TARGET_NAME)";
				SWIFT_VERSION = 4.0;
				TARGETED_DEVICE_FAMILY = "1,2";
				TEST_TARGET_NAME = Flix;
			};
			name = Debug;
		};
		47B995DC2021520900931EED /* Release */ = {
			isa = XCBuildConfiguration;
			baseConfigurationReference = 7A136DC17C26AACEF160E562 /* Pods-FlixUITests.release.xcconfig */;
			buildSettings = {
				ALWAYS_EMBED_SWIFT_STANDARD_LIBRARIES = YES;
				CODE_SIGN_STYLE = Automatic;
				DEVELOPMENT_TEAM = 4B5PEQM7U2;
				INFOPLIST_FILE = FlixUITests/Info.plist;
				LD_RUNPATH_SEARCH_PATHS = "$(inherited) @executable_path/Frameworks @loader_path/Frameworks";
				PRODUCT_BUNDLE_IDENTIFIER = Hoang.FlixUITests;
				PRODUCT_NAME = "$(TARGET_NAME)";
				SWIFT_VERSION = 4.0;
				TARGETED_DEVICE_FAMILY = "1,2";
				TEST_TARGET_NAME = Flix;
			};
			name = Release;
		};
/* End XCBuildConfiguration section */

/* Begin XCConfigurationList section */
		47B995A72021520800931EED /* Build configuration list for PBXProject "Flix" */ = {
			isa = XCConfigurationList;
			buildConfigurations = (
				47B995D22021520900931EED /* Debug */,
				47B995D32021520900931EED /* Release */,
			);
			defaultConfigurationIsVisible = 0;
			defaultConfigurationName = Release;
		};
		47B995D42021520900931EED /* Build configuration list for PBXNativeTarget "Flix" */ = {
			isa = XCConfigurationList;
			buildConfigurations = (
				47B995D52021520900931EED /* Debug */,
				47B995D62021520900931EED /* Release */,
			);
			defaultConfigurationIsVisible = 0;
			defaultConfigurationName = Release;
		};
		47B995D72021520900931EED /* Build configuration list for PBXNativeTarget "FlixTests" */ = {
			isa = XCConfigurationList;
			buildConfigurations = (
				47B995D82021520900931EED /* Debug */,
				47B995D92021520900931EED /* Release */,
			);
			defaultConfigurationIsVisible = 0;
			defaultConfigurationName = Release;
		};
		47B995DA2021520900931EED /* Build configuration list for PBXNativeTarget "FlixUITests" */ = {
			isa = XCConfigurationList;
			buildConfigurations = (
				47B995DB2021520900931EED /* Debug */,
				47B995DC2021520900931EED /* Release */,
			);
			defaultConfigurationIsVisible = 0;
			defaultConfigurationName = Release;
		};
/* End XCConfigurationList section */
	};
	rootObject = 47B995A42021520800931EED /* Project object */;
}
